
Microsoft Visual Studio Solution File, Format Version 12.00
# Visual Studio Version 17
VisualStudioVersion = 17.12.35527.113
MinimumVisualStudioVersion = 10.0.40219.1
Project("{FAE04EC0-301F-11D3-BF4B-00C04F79EFBC}") = "OpenPostForms", "OpenPostForms\OpenPostForms.csproj", "{F0A5CA94-9809-492A-8AED-AFE8BB80E604}"
EndProject
Project("{FAE04EC0-301F-11D3-BF4B-00C04F79EFBC}") = "OpenPostLib", "OpenPostLib\OpenPostLib.csproj", "{CEF19143-39C2-4429-8749-1468849B023A}"
EndProject
Project("{54435603-DBB4-11D2-8724-00A0C9A8B90C}") = "OpenPostSetup", "OpenPostSetup\OpenPostSetup.vdproj", "{2C8B0A1C-2E46-4041-9301-1F62E9B4F56E}"
EndProject
Global
	GlobalSection(SolutionConfigurationPlatforms) = preSolution
		Debug|Any CPU = Debug|Any CPU
		Release|Any CPU = Release|Any CPU
	EndGlobalSection
	GlobalSection(ProjectConfigurationPlatforms) = postSolution
		{F0A5CA94-9809-492A-8AED-AFE8BB80E604}.Debug|Any CPU.ActiveCfg = Debug|Any CPU
		{F0A5CA94-9809-492A-8AED-AFE8BB80E604}.Debug|Any CPU.Build.0 = Debug|Any CPU
		{F0A5CA94-9809-492A-8AED-AFE8BB80E604}.Release|Any CPU.ActiveCfg = Release|Any CPU
		{F0A5CA94-9809-492A-8AED-AFE8BB80E604}.Release|Any CPU.Build.0 = Release|Any CPU
		{CEF19143-39C2-4429-8749-1468849B023A}.Debug|Any CPU.ActiveCfg = Debug|Any CPU
		{CEF19143-39C2-4429-8749-1468849B023A}.Debug|Any CPU.Build.0 = Debug|Any CPU
		{CEF19143-39C2-4429-8749-1468849B023A}.Release|Any CPU.ActiveCfg = Release|Any CPU
		{CEF19143-39C2-4429-8749-1468849B023A}.Release|Any CPU.Build.0 = Release|Any CPU
		{2C8B0A1C-2E46-4041-9301-1F62E9B4F56E}.Debug|Any CPU.ActiveCfg = Debug
		{2C8B0A1C-2E46-4041-9301-1F62E9B4F56E}.Release|Any CPU.ActiveCfg = Release
	EndGlobalSection
	GlobalSection(SolutionProperties) = preSolution
		HideSolutionNode = FALSE
	EndGlobalSection
EndGlobal
